
Microsoft Visual Studio Solution File, Format Version 12.00
# Visual Studio Version 17
VisualStudioVersion = 17.0.31903.59
MinimumVisualStudioVersion = 10.0.40219.1
Project("{2150E333-8FDC-42A3-9474-1A3956D46DE8}") = "src", "src", "{827E0CD3-B72D-47B6-A68D-7590B98EB39B}"
EndProject
Project("{2150E333-8FDC-42A3-9474-1A3956D46DE8}") = "Services", "Services", "{984BB9B3-3FA3-BE33-9484-CAC21695A33C}"
EndProject
Project("{2150E333-8FDC-42A3-9474-1A3956D46DE8}") = "AuthService", "AuthService", "{B0ED8887-1092-5A1A-EC04-2B6B0F6E9C33}"
EndProject
Project("{FAE04EC0-301F-11D3-BF4B-00C04F79EFBC}") = "AuthService.API", "src\Services\AuthService\AuthService.API\AuthService.API.csproj", "{8BD3D3E0-6A96-4360-9696-8E26A5747F9C}"
EndProject
Project("{2150E333-8FDC-42A3-9474-1A3956D46DE8}") = "OrderService", "OrderService", "{F5625D22-DF6D-6E20-0384-6B2F7CAD8697}"
EndProject
Project("{FAE04EC0-301F-11D3-BF4B-00C04F79EFBC}") = "OrderService.API", "src\Services\OrderService\OrderService.API\OrderService.API.csproj", "{7ED24B18-EE67-477C-81BA-78CC31492215}"
EndProject
Global
	GlobalSection(SolutionConfigurationPlatforms) = preSolution
		Debug|Any CPU = Debug|Any CPU
		Debug|x64 = Debug|x64
		Debug|x86 = Debug|x86
		Release|Any CPU = Release|Any CPU
		Release|x64 = Release|x64
		Release|x86 = Release|x86
	EndGlobalSection
	GlobalSection(ProjectConfigurationPlatforms) = postSolution
		{8BD3D3E0-6A96-4360-9696-8E26A5747F9C}.Debug|Any CPU.ActiveCfg = Debug|Any CPU
		{8BD3D3E0-6A96-4360-9696-8E26A5747F9C}.Debug|Any CPU.Build.0 = Debug|Any CPU
		{8BD3D3E0-6A96-4360-9696-8E26A5747F9C}.Debug|x64.ActiveCfg = Debug|Any CPU
		{8BD3D3E0-6A96-4360-9696-8E26A5747F9C}.Debug|x64.Build.0 = Debug|Any CPU
		{8BD3D3E0-6A96-4360-9696-8E26A5747F9C}.Debug|x86.ActiveCfg = Debug|Any CPU
		{8BD3D3E0-6A96-4360-9696-8E26A5747F9C}.Debug|x86.Build.0 = Debug|Any CPU
		{8BD3D3E0-6A96-4360-9696-8E26A5747F9C}.Release|Any CPU.ActiveCfg = Release|Any CPU
		{8BD3D3E0-6A96-4360-9696-8E26A5747F9C}.Release|Any CPU.Build.0 = Release|Any CPU
		{8BD3D3E0-6A96-4360-9696-8E26A5747F9C}.Release|x64.ActiveCfg = Release|Any CPU
		{8BD3D3E0-6A96-4360-9696-8E26A5747F9C}.Release|x64.Build.0 = Release|Any CPU
		{8BD3D3E0-6A96-4360-9696-8E26A5747F9C}.Release|x86.ActiveCfg = Release|Any CPU
		{8BD3D3E0-6A96-4360-9696-8E26A5747F9C}.Release|x86.Build.0 = Release|Any CPU
		{7ED24B18-EE67-477C-81BA-78CC31492215}.Debug|Any CPU.ActiveCfg = Debug|Any CPU
		{7ED24B18-EE67-477C-81BA-78CC31492215}.Debug|Any CPU.Build.0 = Debug|Any CPU
		{7ED24B18-EE67-477C-81BA-78CC31492215}.Debug|x64.ActiveCfg = Debug|Any CPU
		{7ED24B18-EE67-477C-81BA-78CC31492215}.Debug|x64.Build.0 = Debug|Any CPU
		{7ED24B18-EE67-477C-81BA-78CC31492215}.Debug|x86.ActiveCfg = Debug|Any CPU
		{7ED24B18-EE67-477C-81BA-78CC31492215}.Debug|x86.Build.0 = Debug|Any CPU
		{7ED24B18-EE67-477C-81BA-78CC31492215}.Release|Any CPU.ActiveCfg = Release|Any CPU
		{7ED24B18-EE67-477C-81BA-78CC31492215}.Release|Any CPU.Build.0 = Release|Any CPU
		{7ED24B18-EE67-477C-81BA-78CC31492215}.Release|x64.ActiveCfg = Release|Any CPU
		{7ED24B18-EE67-477C-81BA-78CC31492215}.Release|x64.Build.0 = Release|Any CPU
		{7ED24B18-EE67-477C-81BA-78CC31492215}.Release|x86.ActiveCfg = Release|Any CPU
		{7ED24B18-EE67-477C-81BA-78CC31492215}.Release|x86.Build.0 = Release|Any CPU
	EndGlobalSection
	GlobalSection(SolutionProperties) = preSolution
		HideSolutionNode = FALSE
	EndGlobalSection
	GlobalSection(NestedProjects) = preSolution
		{984BB9B3-3FA3-BE33-9484-CAC21695A33C} = {827E0CD3-B72D-47B6-A68D-7590B98EB39B}
		{B0ED8887-1092-5A1A-EC04-2B6B0F6E9C33} = {984BB9B3-3FA3-BE33-9484-CAC21695A33C}
		{8BD3D3E0-6A96-4360-9696-8E26A5747F9C} = {B0ED8887-1092-5A1A-EC04-2B6B0F6E9C33}
		{F5625D22-DF6D-6E20-0384-6B2F7CAD8697} = {984BB9B3-3FA3-BE33-9484-CAC21695A33C}
		{7ED24B18-EE67-477C-81BA-78CC31492215} = {F5625D22-DF6D-6E20-0384-6B2F7CAD8697}
	EndGlobalSection
EndGlobal
